<?xml version="1.0" encoding="UTF-8"?>
<CodeBlocks_project_file>
	<FileVersion major="1" minor="6"/>
	<Project>
		<Option title="Theory_And_Methods_of_Optimization"/>
		<Option makefile_is_custom="1"/>
		<Option compiler="gcc"/>
		<Option virtualFolders="CMake Files\;CMake Files\..\;CMake Files\..\..\;CMake Files\..\..\..\;CMake Files\..\..\..\..\;CMake Files\..\..\..\..\..\;CMake Files\..\..\..\..\..\..\;CMake Files\..\..\..\..\..\..\usr\;CMake Files\..\..\..\..\..\..\usr\lib\;CMake Files\..\..\..\..\..\..\usr\lib\x86_64-linux-gnu\;CMake Files\..\..\..\..\..\..\usr\lib\x86_64-linux-gnu\cmake\;CMake Files\..\..\..\..\..\..\usr\lib\x86_64-linux-gnu\cmake\Qt5\;CMake Files\..\..\..\..\Qt\;CMake Files\..\..\..\..\Qt\5.11.2\;CMake Files\..\..\..\..\Qt\5.11.2\gcc_64\;CMake Files\..\..\..\..\Qt\5.11.2\gcc_64\lib\;CMake Files\..\..\..\..\Qt\5.11.2\gcc_64\lib\cmake\;CMake Files\..\..\..\..\Qt\5.11.2\gcc_64\lib\cmake\Qt5Core\;CMake Files\..\..\..\..\Qt\5.11.2\gcc_64\lib\cmake\Qt5Widgets\;CMake Files\..\..\..\..\Qt\5.11.2\gcc_64\lib\cmake\Qt5Gui\;CMake Files\..\..\..\..\Qt\5.11.2\gcc_64\lib\cmake\Qt5DataVisualization\;"/>
		<Build>
			<Target title="all">
				<Option working_dir="/home/maciek/Dokumenty/Theory_and_Methods_of_Optimization/Theory_and_Methods_of_Optimization/Aplikacja"/>
				<Option type="4"/>
				<MakeCommands>
					<Build command="/usr/bin/make -j8 -f &quot;/home/maciek/Dokumenty/Theory_and_Methods_of_Optimization/Theory_and_Methods_of_Optimization/Aplikacja/Makefile&quot;  VERBOSE=1 all"/>
					<CompileFile command="/usr/bin/make -j8 -f &quot;/home/maciek/Dokumenty/Theory_and_Methods_of_Optimization/Theory_and_Methods_of_Optimization/Aplikacja/Makefile&quot;  VERBOSE=1 &quot;$file&quot;"/>
					<Clean command="/usr/bin/make -j8 -f &quot;/home/maciek/Dokumenty/Theory_and_Methods_of_Optimization/Theory_and_Methods_of_Optimization/Aplikacja/Makefile&quot;  VERBOSE=1 clean"/>
					<DistClean command="/usr/bin/make -j8 -f &quot;/home/maciek/Dokumenty/Theory_and_Methods_of_Optimization/Theory_and_Methods_of_Optimization/Aplikacja/Makefile&quot;  VERBOSE=1 clean"/>
				</MakeCommands>
			</Target>
			<Target title="rebuild_cache">
				<Option working_dir="/home/maciek/Dokumenty/Theory_and_Methods_of_Optimization/Theory_and_Methods_of_Optimization/Aplikacja"/>
				<Option type="4"/>
				<MakeCommands>
					<Build command="/usr/bin/make -j8 -f &quot;/home/maciek/Dokumenty/Theory_and_Methods_of_Optimization/Theory_and_Methods_of_Optimization/Aplikacja/Makefile&quot;  VERBOSE=1 rebuild_cache"/>
					<CompileFile command="/usr/bin/make -j8 -f &quot;/home/maciek/Dokumenty/Theory_and_Methods_of_Optimization/Theory_and_Methods_of_Optimization/Aplikacja/Makefile&quot;  VERBOSE=1 &quot;$file&quot;"/>
					<Clean command="/usr/bin/make -j8 -f &quot;/home/maciek/Dokumenty/Theory_and_Methods_of_Optimization/Theory_and_Methods_of_Optimization/Aplikacja/Makefile&quot;  VERBOSE=1 clean"/>
					<DistClean command="/usr/bin/make -j8 -f &quot;/home/maciek/Dokumenty/Theory_and_Methods_of_Optimization/Theory_and_Methods_of_Optimization/Aplikacja/Makefile&quot;  VERBOSE=1 clean"/>
				</MakeCommands>
			</Target>
			<Target title="edit_cache">
				<Option working_dir="/home/maciek/Dokumenty/Theory_and_Methods_of_Optimization/Theory_and_Methods_of_Optimization/Aplikacja"/>
				<Option type="4"/>
				<MakeCommands>
					<Build command="/usr/bin/make -j8 -f &quot;/home/maciek/Dokumenty/Theory_and_Methods_of_Optimization/Theory_and_Methods_of_Optimization/Aplikacja/Makefile&quot;  VERBOSE=1 edit_cache"/>
					<CompileFile command="/usr/bin/make -j8 -f &quot;/home/maciek/Dokumenty/Theory_and_Methods_of_Optimization/Theory_and_Methods_of_Optimization/Aplikacja/Makefile&quot;  VERBOSE=1 &quot;$file&quot;"/>
					<Clean command="/usr/bin/make -j8 -f &quot;/home/maciek/Dokumenty/Theory_and_Methods_of_Optimization/Theory_and_Methods_of_Optimization/Aplikacja/Makefile&quot;  VERBOSE=1 clean"/>
					<DistClean command="/usr/bin/make -j8 -f &quot;/home/maciek/Dokumenty/Theory_and_Methods_of_Optimization/Theory_and_Methods_of_Optimization/Aplikacja/Makefile&quot;  VERBOSE=1 clean"/>
				</MakeCommands>
			</Target>
			<Target title="Optimization">
				<Option output="/home/maciek/Dokumenty/Theory_and_Methods_of_Optimization/Theory_and_Methods_of_Optimization/Aplikacja/build/Optimization" prefix_auto="0" extension_auto="0"/>
				<Option working_dir="/home/maciek/Dokumenty/Theory_and_Methods_of_Optimization/Theory_and_Methods_of_Optimization/Aplikacja/build"/>
				<Option object_output="./"/>
				<Option type="1"/>
				<Option compiler="gcc"/>
				<Compiler>
					<Add option="-DQT_CORE_LIB"/>
					<Add option="-DQT_WIDGETS_LIB"/>
					<Add option="-DQT_GUI_LIB"/>
					<Add option="-DQT_DATAVISUALIZATION_LIB"/>
					<Add option="-DQT_NO_DEBUG"/>
					<Add directory="/home/maciek/Dokumenty/Theory_and_Methods_of_Optimization/Theory_and_Methods_of_Optimization/Aplikacja"/>
					<Add directory="/home/maciek/Dokumenty/Theory_and_Methods_of_Optimization/Theory_and_Methods_of_Optimization/Aplikacja/Optimization_autogen/include"/>
					<Add directory="/home/maciek/Dokumenty/Theory_and_Methods_of_Optimization/Theory_and_Methods_of_Optimization/Aplikacja/Solver/include"/>
					<Add directory="/home/maciek/Dokumenty/Theory_and_Methods_of_Optimization/Theory_and_Methods_of_Optimization/Aplikacja/Polak_Ribiere/forms"/>
					<Add directory="/home/maciek/Dokumenty/Theory_and_Methods_of_Optimization/Theory_and_Methods_of_Optimization/Aplikacja/Polak_Ribiere/include"/>
					<Add directory="/home/maciek/Dokumenty/Theory_and_Methods_of_Optimization/Theory_and_Methods_of_Optimization/Aplikacja/Polak_Ribiere/include/forms"/>
					<Add directory="/home/maciek/Qt/5.11.2/gcc_64/include"/>
					<Add directory="/home/maciek/Qt/5.11.2/gcc_64/include/QtCore"/>
					<Add directory="/home/maciek/Qt/5.11.2/gcc_64/./mkspecs/linux-g++"/>
					<Add directory="/home/maciek/Qt/5.11.2/gcc_64/include/QtWidgets"/>
					<Add directory="/home/maciek/Qt/5.11.2/gcc_64/include/QtGui"/>
					<Add directory="/home/maciek/Qt/5.11.2/gcc_64/include/QtDataVisualization"/>
					<Add directory="/usr/include/c++/8"/>
					<Add directory="/usr/include/x86_64-linux-gnu/c++/8"/>
					<Add directory="/usr/include/c++/8/backward"/>
					<Add directory="/usr/lib/gcc/x86_64-linux-gnu/8/include"/>
					<Add directory="/usr/local/include"/>
					<Add directory="/usr/lib/gcc/x86_64-linux-gnu/8/include-fixed"/>
					<Add directory="/usr/include/x86_64-linux-gnu"/>
					<Add directory="/usr/include"/>
				</Compiler>
				<MakeCommands>
					<Build command="/usr/bin/make -j8 -f &quot;/home/maciek/Dokumenty/Theory_and_Methods_of_Optimization/Theory_and_Methods_of_Optimization/Aplikacja/Makefile&quot;  VERBOSE=1 Optimization"/>
					<CompileFile command="/usr/bin/make -j8 -f &quot;/home/maciek/Dokumenty/Theory_and_Methods_of_Optimization/Theory_and_Methods_of_Optimization/Aplikacja/Makefile&quot;  VERBOSE=1 &quot;$file&quot;"/>
					<Clean command="/usr/bin/make -j8 -f &quot;/home/maciek/Dokumenty/Theory_and_Methods_of_Optimization/Theory_and_Methods_of_Optimization/Aplikacja/Makefile&quot;  VERBOSE=1 clean"/>
					<DistClean command="/usr/bin/make -j8 -f &quot;/home/maciek/Dokumenty/Theory_and_Methods_of_Optimization/Theory_and_Methods_of_Optimization/Aplikacja/Makefile&quot;  VERBOSE=1 clean"/>
				</MakeCommands>
			</Target>
			<Target title="Optimization/fast">
				<Option output="/home/maciek/Dokumenty/Theory_and_Methods_of_Optimization/Theory_and_Methods_of_Optimization/Aplikacja/build/Optimization" prefix_auto="0" extension_auto="0"/>
				<Option working_dir="/home/maciek/Dokumenty/Theory_and_Methods_of_Optimization/Theory_and_Methods_of_Optimization/Aplikacja/build"/>
				<Option object_output="./"/>
				<Option type="1"/>
				<Option compiler="gcc"/>
				<Compiler>
					<Add option="-DQT_CORE_LIB"/>
					<Add option="-DQT_WIDGETS_LIB"/>
					<Add option="-DQT_GUI_LIB"/>
					<Add option="-DQT_DATAVISUALIZATION_LIB"/>
					<Add option="-DQT_NO_DEBUG"/>
					<Add directory="/home/maciek/Dokumenty/Theory_and_Methods_of_Optimization/Theory_and_Methods_of_Optimization/Aplikacja"/>
					<Add directory="/home/maciek/Dokumenty/Theory_and_Methods_of_Optimization/Theory_and_Methods_of_Optimization/Aplikacja/Optimization_autogen/include"/>
					<Add directory="/home/maciek/Dokumenty/Theory_and_Methods_of_Optimization/Theory_and_Methods_of_Optimization/Aplikacja/Solver/include"/>
					<Add directory="/home/maciek/Dokumenty/Theory_and_Methods_of_Optimization/Theory_and_Methods_of_Optimization/Aplikacja/Polak_Ribiere/forms"/>
					<Add directory="/home/maciek/Dokumenty/Theory_and_Methods_of_Optimization/Theory_and_Methods_of_Optimization/Aplikacja/Polak_Ribiere/include"/>
					<Add directory="/home/maciek/Dokumenty/Theory_and_Methods_of_Optimization/Theory_and_Methods_of_Optimization/Aplikacja/Polak_Ribiere/include/forms"/>
					<Add directory="/home/maciek/Qt/5.11.2/gcc_64/include"/>
					<Add directory="/home/maciek/Qt/5.11.2/gcc_64/include/QtCore"/>
					<Add directory="/home/maciek/Qt/5.11.2/gcc_64/./mkspecs/linux-g++"/>
					<Add directory="/home/maciek/Qt/5.11.2/gcc_64/include/QtWidgets"/>
					<Add directory="/home/maciek/Qt/5.11.2/gcc_64/include/QtGui"/>
					<Add directory="/home/maciek/Qt/5.11.2/gcc_64/include/QtDataVisualization"/>
					<Add directory="/usr/include/c++/8"/>
					<Add directory="/usr/include/x86_64-linux-gnu/c++/8"/>
					<Add directory="/usr/include/c++/8/backward"/>
					<Add directory="/usr/lib/gcc/x86_64-linux-gnu/8/include"/>
					<Add directory="/usr/local/include"/>
					<Add directory="/usr/lib/gcc/x86_64-linux-gnu/8/include-fixed"/>
					<Add directory="/usr/include/x86_64-linux-gnu"/>
					<Add directory="/usr/include"/>
				</Compiler>
				<MakeCommands>
					<Build command="/usr/bin/make -j8 -f &quot;/home/maciek/Dokumenty/Theory_and_Methods_of_Optimization/Theory_and_Methods_of_Optimization/Aplikacja/Makefile&quot;  VERBOSE=1 Optimization/fast"/>
					<CompileFile command="/usr/bin/make -j8 -f &quot;/home/maciek/Dokumenty/Theory_and_Methods_of_Optimization/Theory_and_Methods_of_Optimization/Aplikacja/Makefile&quot;  VERBOSE=1 &quot;$file&quot;"/>
					<Clean command="/usr/bin/make -j8 -f &quot;/home/maciek/Dokumenty/Theory_and_Methods_of_Optimization/Theory_and_Methods_of_Optimization/Aplikacja/Makefile&quot;  VERBOSE=1 clean"/>
					<DistClean command="/usr/bin/make -j8 -f &quot;/home/maciek/Dokumenty/Theory_and_Methods_of_Optimization/Theory_and_Methods_of_Optimization/Aplikacja/Makefile&quot;  VERBOSE=1 clean"/>
				</MakeCommands>
			</Target>
			<Target title="MOCS">
				<Option output="/home/maciek/Dokumenty/Theory_and_Methods_of_Optimization/Theory_and_Methods_of_Optimization/Aplikacja/libMOCS.a" prefix_auto="0" extension_auto="0"/>
				<Option working_dir="/home/maciek/Dokumenty/Theory_and_Methods_of_Optimization/Theory_and_Methods_of_Optimization/Aplikacja"/>
				<Option object_output="./"/>
				<Option type="2"/>
				<Option compiler="gcc"/>
				<Compiler>
					<Add option="-DQT_WIDGETS_LIB"/>
					<Add option="-DQT_GUI_LIB"/>
					<Add option="-DQT_CORE_LIB"/>
					<Add option="-DQT_NO_DEBUG"/>
					<Add directory="/home/maciek/Dokumenty/Theory_and_Methods_of_Optimization/Theory_and_Methods_of_Optimization/Aplikacja"/>
					<Add directory="/home/maciek/Dokumenty/Theory_and_Methods_of_Optimization/Theory_and_Methods_of_Optimization/Aplikacja/MOCS_autogen/include"/>
					<Add directory="/home/maciek/Dokumenty/Theory_and_Methods_of_Optimization/Theory_and_Methods_of_Optimization/Aplikacja/Solver/include"/>
					<Add directory="/home/maciek/Dokumenty/Theory_and_Methods_of_Optimization/Theory_and_Methods_of_Optimization/Aplikacja/Polak_Ribiere/forms"/>
					<Add directory="/home/maciek/Dokumenty/Theory_and_Methods_of_Optimization/Theory_and_Methods_of_Optimization/Aplikacja/Polak_Ribiere/include"/>
					<Add directory="/home/maciek/Dokumenty/Theory_and_Methods_of_Optimization/Theory_and_Methods_of_Optimization/Aplikacja/Polak_Ribiere/include/forms"/>
					<Add directory="/home/maciek/Qt/5.11.2/gcc_64/include"/>
					<Add directory="/home/maciek/Qt/5.11.2/gcc_64/include/QtWidgets"/>
					<Add directory="/home/maciek/Qt/5.11.2/gcc_64/include/QtGui"/>
					<Add directory="/home/maciek/Qt/5.11.2/gcc_64/include/QtCore"/>
					<Add directory="/home/maciek/Qt/5.11.2/gcc_64/./mkspecs/linux-g++"/>
					<Add directory="/usr/include/c++/8"/>
					<Add directory="/usr/include/x86_64-linux-gnu/c++/8"/>
					<Add directory="/usr/include/c++/8/backward"/>
					<Add directory="/usr/lib/gcc/x86_64-linux-gnu/8/include"/>
					<Add directory="/usr/local/include"/>
					<Add directory="/usr/lib/gcc/x86_64-linux-gnu/8/include-fixed"/>
					<Add directory="/usr/include/x86_64-linux-gnu"/>
					<Add directory="/usr/include"/>
				</Compiler>
				<MakeCommands>
					<Build command="/usr/bin/make -j8 -f &quot;/home/maciek/Dokumenty/Theory_and_Methods_of_Optimization/Theory_and_Methods_of_Optimization/Aplikacja/Makefile&quot;  VERBOSE=1 MOCS"/>
					<CompileFile command="/usr/bin/make -j8 -f &quot;/home/maciek/Dokumenty/Theory_and_Methods_of_Optimization/Theory_and_Methods_of_Optimization/Aplikacja/Makefile&quot;  VERBOSE=1 &quot;$file&quot;"/>
					<Clean command="/usr/bin/make -j8 -f &quot;/home/maciek/Dokumenty/Theory_and_Methods_of_Optimization/Theory_and_Methods_of_Optimization/Aplikacja/Makefile&quot;  VERBOSE=1 clean"/>
					<DistClean command="/usr/bin/make -j8 -f &quot;/home/maciek/Dokumenty/Theory_and_Methods_of_Optimization/Theory_and_Methods_of_Optimization/Aplikacja/Makefile&quot;  VERBOSE=1 clean"/>
				</MakeCommands>
			</Target>
			<Target title="MOCS/fast">
				<Option output="/home/maciek/Dokumenty/Theory_and_Methods_of_Optimization/Theory_and_Methods_of_Optimization/Aplikacja/libMOCS.a" prefix_auto="0" extension_auto="0"/>
				<Option working_dir="/home/maciek/Dokumenty/Theory_and_Methods_of_Optimization/Theory_and_Methods_of_Optimization/Aplikacja"/>
				<Option object_output="./"/>
				<Option type="2"/>
				<Option compiler="gcc"/>
				<Compiler>
					<Add option="-DQT_WIDGETS_LIB"/>
					<Add option="-DQT_GUI_LIB"/>
					<Add option="-DQT_CORE_LIB"/>
					<Add option="-DQT_NO_DEBUG"/>
					<Add directory="/home/maciek/Dokumenty/Theory_and_Methods_of_Optimization/Theory_and_Methods_of_Optimization/Aplikacja"/>
					<Add directory="/home/maciek/Dokumenty/Theory_and_Methods_of_Optimization/Theory_and_Methods_of_Optimization/Aplikacja/MOCS_autogen/include"/>
					<Add directory="/home/maciek/Dokumenty/Theory_and_Methods_of_Optimization/Theory_and_Methods_of_Optimization/Aplikacja/Solver/include"/>
					<Add directory="/home/maciek/Dokumenty/Theory_and_Methods_of_Optimization/Theory_and_Methods_of_Optimization/Aplikacja/Polak_Ribiere/forms"/>
					<Add directory="/home/maciek/Dokumenty/Theory_and_Methods_of_Optimization/Theory_and_Methods_of_Optimization/Aplikacja/Polak_Ribiere/include"/>
					<Add directory="/home/maciek/Dokumenty/Theory_and_Methods_of_Optimization/Theory_and_Methods_of_Optimization/Aplikacja/Polak_Ribiere/include/forms"/>
					<Add directory="/home/maciek/Qt/5.11.2/gcc_64/include"/>
					<Add directory="/home/maciek/Qt/5.11.2/gcc_64/include/QtWidgets"/>
					<Add directory="/home/maciek/Qt/5.11.2/gcc_64/include/QtGui"/>
					<Add directory="/home/maciek/Qt/5.11.2/gcc_64/include/QtCore"/>
					<Add directory="/home/maciek/Qt/5.11.2/gcc_64/./mkspecs/linux-g++"/>
					<Add directory="/usr/include/c++/8"/>
					<Add directory="/usr/include/x86_64-linux-gnu/c++/8"/>
					<Add directory="/usr/include/c++/8/backward"/>
					<Add directory="/usr/lib/gcc/x86_64-linux-gnu/8/include"/>
					<Add directory="/usr/local/include"/>
					<Add directory="/usr/lib/gcc/x86_64-linux-gnu/8/include-fixed"/>
					<Add directory="/usr/include/x86_64-linux-gnu"/>
					<Add directory="/usr/include"/>
				</Compiler>
				<MakeCommands>
					<Build command="/usr/bin/make -j8 -f &quot;/home/maciek/Dokumenty/Theory_and_Methods_of_Optimization/Theory_and_Methods_of_Optimization/Aplikacja/Makefile&quot;  VERBOSE=1 MOCS/fast"/>
					<CompileFile command="/usr/bin/make -j8 -f &quot;/home/maciek/Dokumenty/Theory_and_Methods_of_Optimization/Theory_and_Methods_of_Optimization/Aplikacja/Makefile&quot;  VERBOSE=1 &quot;$file&quot;"/>
					<Clean command="/usr/bin/make -j8 -f &quot;/home/maciek/Dokumenty/Theory_and_Methods_of_Optimization/Theory_and_Methods_of_Optimization/Aplikacja/Makefile&quot;  VERBOSE=1 clean"/>
					<DistClean command="/usr/bin/make -j8 -f &quot;/home/maciek/Dokumenty/Theory_and_Methods_of_Optimization/Theory_and_Methods_of_Optimization/Aplikacja/Makefile&quot;  VERBOSE=1 clean"/>
				</MakeCommands>
			</Target>
			<Target title="Optimization_autogen">
				<Option working_dir="/home/maciek/Dokumenty/Theory_and_Methods_of_Optimization/Theory_and_Methods_of_Optimization/Aplikacja"/>
				<Option type="4"/>
				<MakeCommands>
					<Build command="/usr/bin/make -j8 -f &quot;/home/maciek/Dokumenty/Theory_and_Methods_of_Optimization/Theory_and_Methods_of_Optimization/Aplikacja/Makefile&quot;  VERBOSE=1 Optimization_autogen"/>
					<CompileFile command="/usr/bin/make -j8 -f &quot;/home/maciek/Dokumenty/Theory_and_Methods_of_Optimization/Theory_and_Methods_of_Optimization/Aplikacja/Makefile&quot;  VERBOSE=1 &quot;$file&quot;"/>
					<Clean command="/usr/bin/make -j8 -f &quot;/home/maciek/Dokumenty/Theory_and_Methods_of_Optimization/Theory_and_Methods_of_Optimization/Aplikacja/Makefile&quot;  VERBOSE=1 clean"/>
					<DistClean command="/usr/bin/make -j8 -f &quot;/home/maciek/Dokumenty/Theory_and_Methods_of_Optimization/Theory_and_Methods_of_Optimization/Aplikacja/Makefile&quot;  VERBOSE=1 clean"/>
				</MakeCommands>
			</Target>
			<Target title="MOCS_autogen">
				<Option working_dir="/home/maciek/Dokumenty/Theory_and_Methods_of_Optimization/Theory_and_Methods_of_Optimization/Aplikacja"/>
				<Option type="4"/>
				<MakeCommands>
					<Build command="/usr/bin/make -j8 -f &quot;/home/maciek/Dokumenty/Theory_and_Methods_of_Optimization/Theory_and_Methods_of_Optimization/Aplikacja/Makefile&quot;  VERBOSE=1 MOCS_autogen"/>
					<CompileFile command="/usr/bin/make -j8 -f &quot;/home/maciek/Dokumenty/Theory_and_Methods_of_Optimization/Theory_and_Methods_of_Optimization/Aplikacja/Makefile&quot;  VERBOSE=1 &quot;$file&quot;"/>
					<Clean command="/usr/bin/make -j8 -f &quot;/home/maciek/Dokumenty/Theory_and_Methods_of_Optimization/Theory_and_Methods_of_Optimization/Aplikacja/Makefile&quot;  VERBOSE=1 clean"/>
					<DistClean command="/usr/bin/make -j8 -f &quot;/home/maciek/Dokumenty/Theory_and_Methods_of_Optimization/Theory_and_Methods_of_Optimization/Aplikacja/Makefile&quot;  VERBOSE=1 clean"/>
				</MakeCommands>
			</Target>
		</Build>
		<Unit filename="/home/maciek/Dokumenty/Theory_and_Methods_of_Optimization/Theory_and_Methods_of_Optimization/Aplikacja/MOCS_autogen/mocs_compilation.cpp">
			<Option target="MOCS"/>
		</Unit>
		<Unit filename="/home/maciek/Dokumenty/Theory_and_Methods_of_Optimization/Theory_and_Methods_of_Optimization/Aplikacja/Optimization_autogen/mocs_compilation.cpp">
			<Option target="Optimization"/>
		</Unit>
		<Unit filename="/home/maciek/Dokumenty/Theory_and_Methods_of_Optimization/Theory_and_Methods_of_Optimization/Aplikacja/Polak_Ribiere/forms/functioninput.ui">
			<Option target="Optimization"/>
			<Option target="MOCS"/>
		</Unit>
		<Unit filename="/home/maciek/Dokumenty/Theory_and_Methods_of_Optimization/Theory_and_Methods_of_Optimization/Aplikacja/Polak_Ribiere/forms/graph.ui">
			<Option target="Optimization"/>
			<Option target="MOCS"/>
		</Unit>
		<Unit filename="/home/maciek/Dokumenty/Theory_and_Methods_of_Optimization/Theory_and_Methods_of_Optimization/Aplikacja/Polak_Ribiere/forms/mainwindow.ui">
			<Option target="Optimization"/>
			<Option target="MOCS"/>
		</Unit>
		<Unit filename="/home/maciek/Dokumenty/Theory_and_Methods_of_Optimization/Theory_and_Methods_of_Optimization/Aplikacja/Polak_Ribiere/include/moc_FunctionInput.cpp">
			<Option target="Optimization"/>
			<Option target="MOCS"/>
		</Unit>
		<Unit filename="/home/maciek/Dokumenty/Theory_and_Methods_of_Optimization/Theory_and_Methods_of_Optimization/Aplikacja/Polak_Ribiere/include/moc_FunctionInput.cpp.rule">
			<Option target="Optimization"/>
			<Option target="MOCS"/>
		</Unit>
		<Unit filename="/home/maciek/Dokumenty/Theory_and_Methods_of_Optimization/Theory_and_Methods_of_Optimization/Aplikacja/Polak_Ribiere/include/moc_Graph.cpp">
			<Option target="Optimization"/>
			<Option target="MOCS"/>
		</Unit>
		<Unit filename="/home/maciek/Dokumenty/Theory_and_Methods_of_Optimization/Theory_and_Methods_of_Optimization/Aplikacja/Polak_Ribiere/include/moc_Graph.cpp.rule">
			<Option target="Optimization"/>
			<Option target="MOCS"/>
		</Unit>
		<Unit filename="/home/maciek/Dokumenty/Theory_and_Methods_of_Optimization/Theory_and_Methods_of_Optimization/Aplikacja/Polak_Ribiere/include/moc_MainWindow.cpp">
			<Option target="Optimization"/>
			<Option target="MOCS"/>
		</Unit>
		<Unit filename="/home/maciek/Dokumenty/Theory_and_Methods_of_Optimization/Theory_and_Methods_of_Optimization/Aplikacja/Polak_Ribiere/include/moc_MainWindow.cpp.rule">
			<Option target="Optimization"/>
			<Option target="MOCS"/>
		</Unit>
		<Unit filename="/home/maciek/Dokumenty/Theory_and_Methods_of_Optimization/Theory_and_Methods_of_Optimization/Aplikacja/Polak_Ribiere/include/moc_SolverWrapper.cpp">
			<Option target="MOCS"/>
		</Unit>
		<Unit filename="/home/maciek/Dokumenty/Theory_and_Methods_of_Optimization/Theory_and_Methods_of_Optimization/Aplikacja/Polak_Ribiere/include/moc_SolverWrapper.cpp.rule">
			<Option target="MOCS"/>
		</Unit>
		<Unit filename="/home/maciek/Dokumenty/Theory_and_Methods_of_Optimization/Theory_and_Methods_of_Optimization/Aplikacja/Polak_Ribiere/main.cpp">
			<Option target="Optimization"/>
		</Unit>
		<Unit filename="/home/maciek/Dokumenty/Theory_and_Methods_of_Optimization/Theory_and_Methods_of_Optimization/Aplikacja/Polak_Ribiere/qrc_images.cpp">
			<Option target="Optimization"/>
		</Unit>
		<Unit filename="/home/maciek/Dokumenty/Theory_and_Methods_of_Optimization/Theory_and_Methods_of_Optimization/Aplikacja/Polak_Ribiere/sources/FunctionInput.cpp">
			<Option target="Optimization"/>
		</Unit>
		<Unit filename="/home/maciek/Dokumenty/Theory_and_Methods_of_Optimization/Theory_and_Methods_of_Optimization/Aplikacja/Polak_Ribiere/sources/Graph.cpp">
			<Option target="Optimization"/>
		</Unit>
		<Unit filename="/home/maciek/Dokumenty/Theory_and_Methods_of_Optimization/Theory_and_Methods_of_Optimization/Aplikacja/Polak_Ribiere/sources/MainWindow.cpp">
			<Option target="Optimization"/>
		</Unit>
		<Unit filename="/home/maciek/Dokumenty/Theory_and_Methods_of_Optimization/Theory_and_Methods_of_Optimization/Aplikacja/Polak_Ribiere/sources/SolverWrapper.cpp">
			<Option target="Optimization"/>
		</Unit>
		<Unit filename="/home/maciek/Dokumenty/Theory_and_Methods_of_Optimization/Theory_and_Methods_of_Optimization/Aplikacja/Solver/sources/ApplicationStorage.cpp">
			<Option target="Optimization"/>
		</Unit>
		<Unit filename="/home/maciek/Dokumenty/Theory_and_Methods_of_Optimization/Theory_and_Methods_of_Optimization/Aplikacja/Solver/sources/Definitions_and_Helpers/Definitions.cpp">
			<Option target="Optimization"/>
		</Unit>
		<Unit filename="/home/maciek/Dokumenty/Theory_and_Methods_of_Optimization/Theory_and_Methods_of_Optimization/Aplikacja/Solver/sources/FunctionInPointParameters.cpp">
			<Option target="Optimization"/>
		</Unit>
		<Unit filename="/home/maciek/Dokumenty/Theory_and_Methods_of_Optimization/Theory_and_Methods_of_Optimization/Aplikacja/Solver/sources/Functions/FunctionWrapper.cpp">
			<Option target="Optimization"/>
		</Unit>
		<Unit filename="/home/maciek/Dokumenty/Theory_and_Methods_of_Optimization/Theory_and_Methods_of_Optimization/Aplikacja/Solver/sources/Functions/FunctionsFactory.cpp">
			<Option target="Optimization"/>
		</Unit>
		<Unit filename="/home/maciek/Dokumenty/Theory_and_Methods_of_Optimization/Theory_and_Methods_of_Optimization/Aplikacja/Solver/sources/Functions/GradientWrapper.cpp">
			<Option target="Optimization"/>
		</Unit>
		<Unit filename="/home/maciek/Dokumenty/Theory_and_Methods_of_Optimization/Theory_and_Methods_of_Optimization/Aplikacja/Solver/sources/Functions/HessianWrapper.cpp">
			<Option target="Optimization"/>
		</Unit>
		<Unit filename="/home/maciek/Dokumenty/Theory_and_Methods_of_Optimization/Theory_and_Methods_of_Optimization/Aplikacja/Solver/sources/Functions/ParserWrapper.cpp">
			<Option target="Optimization"/>
		</Unit>
		<Unit filename="/home/maciek/Dokumenty/Theory_and_Methods_of_Optimization/Theory_and_Methods_of_Optimization/Aplikacja/Solver/sources/Logger/Logger.cpp">
			<Option target="Optimization"/>
		</Unit>
		<Unit filename="/home/maciek/Dokumenty/Theory_and_Methods_of_Optimization/Theory_and_Methods_of_Optimization/Aplikacja/Solver/sources/Logger/LoggersFactory.cpp">
			<Option target="Optimization"/>
		</Unit>
		<Unit filename="/home/maciek/Dokumenty/Theory_and_Methods_of_Optimization/Theory_and_Methods_of_Optimization/Aplikacja/Solver/sources/Methods/IterationMethodsParameters.cpp">
			<Option target="Optimization"/>
		</Unit>
		<Unit filename="/home/maciek/Dokumenty/Theory_and_Methods_of_Optimization/Theory_and_Methods_of_Optimization/Aplikacja/Solver/sources/Methods/MethodsFactory.cpp">
			<Option target="Optimization"/>
		</Unit>
		<Unit filename="/home/maciek/Dokumenty/Theory_and_Methods_of_Optimization/Theory_and_Methods_of_Optimization/Aplikacja/Solver/sources/Methods/MinimalizeInDirectionHelper.cpp">
			<Option target="Optimization"/>
		</Unit>
		<Unit filename="/home/maciek/Dokumenty/Theory_and_Methods_of_Optimization/Theory_and_Methods_of_Optimization/Aplikacja/Solver/sources/Methods/PolakRibiereMethod.cpp">
			<Option target="Optimization"/>
		</Unit>
		<Unit filename="/home/maciek/Dokumenty/Theory_and_Methods_of_Optimization/Theory_and_Methods_of_Optimization/Aplikacja/Solver/sources/SMatrix.cpp">
			<Option target="Optimization"/>
		</Unit>
		<Unit filename="/home/maciek/Dokumenty/Theory_and_Methods_of_Optimization/Theory_and_Methods_of_Optimization/Aplikacja/Solver/sources/SSolution.cpp">
			<Option target="Optimization"/>
		</Unit>
		<Unit filename="/home/maciek/Dokumenty/Theory_and_Methods_of_Optimization/Theory_and_Methods_of_Optimization/Aplikacja/Solver/sources/SVector.cpp">
			<Option target="Optimization"/>
		</Unit>
		<Unit filename="/home/maciek/Dokumenty/Theory_and_Methods_of_Optimization/Theory_and_Methods_of_Optimization/Aplikacja/Solver/sources/Solver.cpp">
			<Option target="Optimization"/>
		</Unit>
		<Unit filename="/home/maciek/Dokumenty/Theory_and_Methods_of_Optimization/Theory_and_Methods_of_Optimization/Aplikacja/Solver/sources/SymbolicOperations/PythonFileHelper.cpp">
			<Option target="Optimization"/>
		</Unit>
		<Unit filename="/home/maciek/Dokumenty/Theory_and_Methods_of_Optimization/Theory_and_Methods_of_Optimization/Aplikacja/Solver/sources/SymbolicOperations/SymbolicOperator.cpp">
			<Option target="Optimization"/>
		</Unit>
		<Unit filename="/home/maciek/Dokumenty/Theory_and_Methods_of_Optimization/Theory_and_Methods_of_Optimization/Aplikacja/ui_functioninput.h">
			<Option target="MOCS"/>
		</Unit>
		<Unit filename="/home/maciek/Dokumenty/Theory_and_Methods_of_Optimization/Theory_and_Methods_of_Optimization/Aplikacja/ui_graph.h">
			<Option target="MOCS"/>
		</Unit>
		<Unit filename="/home/maciek/Dokumenty/Theory_and_Methods_of_Optimization/Theory_and_Methods_of_Optimization/Aplikacja/ui_mainwindow.h">
			<Option target="MOCS"/>
		</Unit>
		<Unit filename="/home/maciek/Dokumenty/Theory_and_Methods_of_Optimization/Theory_and_Methods_of_Optimization/Aplikacja/CMakeLists.txt">
			<Option virtualFolder="CMake Files\"/>
		</Unit>
		<Unit filename="/home/maciek/Dokumenty/Theory_and_Methods_of_Optimization/Theory_and_Methods_of_Optimization/Aplikacja/../../../../../../usr/lib/x86_64-linux-gnu/cmake/Qt5/Qt5Config.cmake">
			<Option virtualFolder="CMake Files\..\..\..\..\..\..\usr\lib\x86_64-linux-gnu\cmake\Qt5\"/>
		</Unit>
		<Unit filename="/home/maciek/Dokumenty/Theory_and_Methods_of_Optimization/Theory_and_Methods_of_Optimization/Aplikacja/../../../../../../usr/lib/x86_64-linux-gnu/cmake/Qt5/Qt5ConfigVersion.cmake">
			<Option virtualFolder="CMake Files\..\..\..\..\..\..\usr\lib\x86_64-linux-gnu\cmake\Qt5\"/>
		</Unit>
		<Unit filename="/home/maciek/Dokumenty/Theory_and_Methods_of_Optimization/Theory_and_Methods_of_Optimization/Aplikacja/../../../../../../usr/lib/x86_64-linux-gnu/cmake/Qt5/Qt5ModuleLocation.cmake">
			<Option virtualFolder="CMake Files\..\..\..\..\..\..\usr\lib\x86_64-linux-gnu\cmake\Qt5\"/>
		</Unit>
		<Unit filename="/home/maciek/Dokumenty/Theory_and_Methods_of_Optimization/Theory_and_Methods_of_Optimization/Aplikacja/../../../../Qt/5.11.2/gcc_64/lib/cmake/Qt5Core/Qt5CoreConfig.cmake">
			<Option virtualFolder="CMake Files\..\..\..\..\Qt\5.11.2\gcc_64\lib\cmake\Qt5Core\"/>
		</Unit>
		<Unit filename="/home/maciek/Dokumenty/Theory_and_Methods_of_Optimization/Theory_and_Methods_of_Optimization/Aplikacja/../../../../Qt/5.11.2/gcc_64/lib/cmake/Qt5Core/Qt5CoreConfigExtras.cmake">
			<Option virtualFolder="CMake Files\..\..\..\..\Qt\5.11.2\gcc_64\lib\cmake\Qt5Core\"/>
		</Unit>
		<Unit filename="/home/maciek/Dokumenty/Theory_and_Methods_of_Optimization/Theory_and_Methods_of_Optimization/Aplikacja/../../../../Qt/5.11.2/gcc_64/lib/cmake/Qt5Core/Qt5CoreConfigExtrasMkspecDir.cmake">
			<Option virtualFolder="CMake Files\..\..\..\..\Qt\5.11.2\gcc_64\lib\cmake\Qt5Core\"/>
		</Unit>
		<Unit filename="/home/maciek/Dokumenty/Theory_and_Methods_of_Optimization/Theory_and_Methods_of_Optimization/Aplikacja/../../../../Qt/5.11.2/gcc_64/lib/cmake/Qt5Core/Qt5CoreConfigVersion.cmake">
			<Option virtualFolder="CMake Files\..\..\..\..\Qt\5.11.2\gcc_64\lib\cmake\Qt5Core\"/>
		</Unit>
		<Unit filename="/home/maciek/Dokumenty/Theory_and_Methods_of_Optimization/Theory_and_Methods_of_Optimization/Aplikacja/../../../../Qt/5.11.2/gcc_64/lib/cmake/Qt5Core/Qt5CoreMacros.cmake">
			<Option virtualFolder="CMake Files\..\..\..\..\Qt\5.11.2\gcc_64\lib\cmake\Qt5Core\"/>
		</Unit>
		<Unit filename="/home/maciek/Dokumenty/Theory_and_Methods_of_Optimization/Theory_and_Methods_of_Optimization/Aplikacja/../../../../Qt/5.11.2/gcc_64/lib/cmake/Qt5Widgets/Qt5WidgetsConfig.cmake">
			<Option virtualFolder="CMake Files\..\..\..\..\Qt\5.11.2\gcc_64\lib\cmake\Qt5Widgets\"/>
		</Unit>
		<Unit filename="/home/maciek/Dokumenty/Theory_and_Methods_of_Optimization/Theory_and_Methods_of_Optimization/Aplikacja/../../../../Qt/5.11.2/gcc_64/lib/cmake/Qt5Widgets/Qt5WidgetsConfigExtras.cmake">
			<Option virtualFolder="CMake Files\..\..\..\..\Qt\5.11.2\gcc_64\lib\cmake\Qt5Widgets\"/>
		</Unit>
		<Unit filename="/home/maciek/Dokumenty/Theory_and_Methods_of_Optimization/Theory_and_Methods_of_Optimization/Aplikacja/../../../../Qt/5.11.2/gcc_64/lib/cmake/Qt5Widgets/Qt5WidgetsConfigVersion.cmake">
			<Option virtualFolder="CMake Files\..\..\..\..\Qt\5.11.2\gcc_64\lib\cmake\Qt5Widgets\"/>
		</Unit>
		<Unit filename="/home/maciek/Dokumenty/Theory_and_Methods_of_Optimization/Theory_and_Methods_of_Optimization/Aplikacja/../../../../Qt/5.11.2/gcc_64/lib/cmake/Qt5Widgets/Qt5WidgetsMacros.cmake">
			<Option virtualFolder="CMake Files\..\..\..\..\Qt\5.11.2\gcc_64\lib\cmake\Qt5Widgets\"/>
		</Unit>
		<Unit filename="/home/maciek/Dokumenty/Theory_and_Methods_of_Optimization/Theory_and_Methods_of_Optimization/Aplikacja/../../../../Qt/5.11.2/gcc_64/lib/cmake/Qt5Gui/Qt5GuiConfig.cmake">
			<Option virtualFolder="CMake Files\..\..\..\..\Qt\5.11.2\gcc_64\lib\cmake\Qt5Gui\"/>
		</Unit>
		<Unit filename="/home/maciek/Dokumenty/Theory_and_Methods_of_Optimization/Theory_and_Methods_of_Optimization/Aplikacja/../../../../Qt/5.11.2/gcc_64/lib/cmake/Qt5Gui/Qt5GuiConfigExtras.cmake">
			<Option virtualFolder="CMake Files\..\..\..\..\Qt\5.11.2\gcc_64\lib\cmake\Qt5Gui\"/>
		</Unit>
		<Unit filename="/home/maciek/Dokumenty/Theory_and_Methods_of_Optimization/Theory_and_Methods_of_Optimization/Aplikacja/../../../../Qt/5.11.2/gcc_64/lib/cmake/Qt5Gui/Qt5GuiConfigVersion.cmake">
			<Option virtualFolder="CMake Files\..\..\..\..\Qt\5.11.2\gcc_64\lib\cmake\Qt5Gui\"/>
		</Unit>
		<Unit filename="/home/maciek/Dokumenty/Theory_and_Methods_of_Optimization/Theory_and_Methods_of_Optimization/Aplikacja/../../../../Qt/5.11.2/gcc_64/lib/cmake/Qt5Gui/Qt5Gui_QComposePlatformInputContextPlugin.cmake">
			<Option virtualFolder="CMake Files\..\..\..\..\Qt\5.11.2\gcc_64\lib\cmake\Qt5Gui\"/>
		</Unit>
		<Unit filename="/home/maciek/Dokumenty/Theory_and_Methods_of_Optimization/Theory_and_Methods_of_Optimization/Aplikacja/../../../../Qt/5.11.2/gcc_64/lib/cmake/Qt5Gui/Qt5Gui_QEglFSEmulatorIntegrationPlugin.cmake">
			<Option virtualFolder="CMake Files\..\..\..\..\Qt\5.11.2\gcc_64\lib\cmake\Qt5Gui\"/>
		</Unit>
		<Unit filename="/home/maciek/Dokumenty/Theory_and_Methods_of_Optimization/Theory_and_Methods_of_Optimization/Aplikacja/../../../../Qt/5.11.2/gcc_64/lib/cmake/Qt5Gui/Qt5Gui_QEglFSIntegrationPlugin.cmake">
			<Option virtualFolder="CMake Files\..\..\..\..\Qt\5.11.2\gcc_64\lib\cmake\Qt5Gui\"/>
		</Unit>
		<Unit filename="/home/maciek/Dokumenty/Theory_and_Methods_of_Optimization/Theory_and_Methods_of_Optimization/Aplikacja/../../../../Qt/5.11.2/gcc_64/lib/cmake/Qt5Gui/Qt5Gui_QEglFSKmsEglDeviceIntegrationPlugin.cmake">
			<Option virtualFolder="CMake Files\..\..\..\..\Qt\5.11.2\gcc_64\lib\cmake\Qt5Gui\"/>
		</Unit>
		<Unit filename="/home/maciek/Dokumenty/Theory_and_Methods_of_Optimization/Theory_and_Methods_of_Optimization/Aplikacja/../../../../Qt/5.11.2/gcc_64/lib/cmake/Qt5Gui/Qt5Gui_QEglFSX11IntegrationPlugin.cmake">
			<Option virtualFolder="CMake Files\..\..\..\..\Qt\5.11.2\gcc_64\lib\cmake\Qt5Gui\"/>
		</Unit>
		<Unit filename="/home/maciek/Dokumenty/Theory_and_Methods_of_Optimization/Theory_and_Methods_of_Optimization/Aplikacja/../../../../Qt/5.11.2/gcc_64/lib/cmake/Qt5Gui/Qt5Gui_QEvdevKeyboardPlugin.cmake">
			<Option virtualFolder="CMake Files\..\..\..\..\Qt\5.11.2\gcc_64\lib\cmake\Qt5Gui\"/>
		</Unit>
		<Unit filename="/home/maciek/Dokumenty/Theory_and_Methods_of_Optimization/Theory_and_Methods_of_Optimization/Aplikacja/../../../../Qt/5.11.2/gcc_64/lib/cmake/Qt5Gui/Qt5Gui_QEvdevMousePlugin.cmake">
			<Option virtualFolder="CMake Files\..\..\..\..\Qt\5.11.2\gcc_64\lib\cmake\Qt5Gui\"/>
		</Unit>
		<Unit filename="/home/maciek/Dokumenty/Theory_and_Methods_of_Optimization/Theory_and_Methods_of_Optimization/Aplikacja/../../../../Qt/5.11.2/gcc_64/lib/cmake/Qt5Gui/Qt5Gui_QEvdevTabletPlugin.cmake">
			<Option virtualFolder="CMake Files\..\..\..\..\Qt\5.11.2\gcc_64\lib\cmake\Qt5Gui\"/>
		</Unit>
		<Unit filename="/home/maciek/Dokumenty/Theory_and_Methods_of_Optimization/Theory_and_Methods_of_Optimization/Aplikacja/../../../../Qt/5.11.2/gcc_64/lib/cmake/Qt5Gui/Qt5Gui_QEvdevTouchScreenPlugin.cmake">
			<Option virtualFolder="CMake Files\..\..\..\..\Qt\5.11.2\gcc_64\lib\cmake\Qt5Gui\"/>
		</Unit>
		<Unit filename="/home/maciek/Dokumenty/Theory_and_Methods_of_Optimization/Theory_and_Methods_of_Optimization/Aplikacja/../../../../Qt/5.11.2/gcc_64/lib/cmake/Qt5Gui/Qt5Gui_QFlatpakThemePlugin.cmake">
			<Option virtualFolder="CMake Files\..\..\..\..\Qt\5.11.2\gcc_64\lib\cmake\Qt5Gui\"/>
		</Unit>
		<Unit filename="/home/maciek/Dokumenty/Theory_and_Methods_of_Optimization/Theory_and_Methods_of_Optimization/Aplikacja/../../../../Qt/5.11.2/gcc_64/lib/cmake/Qt5Gui/Qt5Gui_QGifPlugin.cmake">
			<Option virtualFolder="CMake Files\..\..\..\..\Qt\5.11.2\gcc_64\lib\cmake\Qt5Gui\"/>
		</Unit>
		<Unit filename="/home/maciek/Dokumenty/Theory_and_Methods_of_Optimization/Theory_and_Methods_of_Optimization/Aplikacja/../../../../Qt/5.11.2/gcc_64/lib/cmake/Qt5Gui/Qt5Gui_QGtk3ThemePlugin.cmake">
			<Option virtualFolder="CMake Files\..\..\..\..\Qt\5.11.2\gcc_64\lib\cmake\Qt5Gui\"/>
		</Unit>
		<Unit filename="/home/maciek/Dokumenty/Theory_and_Methods_of_Optimization/Theory_and_Methods_of_Optimization/Aplikacja/../../../../Qt/5.11.2/gcc_64/lib/cmake/Qt5Gui/Qt5Gui_QICNSPlugin.cmake">
			<Option virtualFolder="CMake Files\..\..\..\..\Qt\5.11.2\gcc_64\lib\cmake\Qt5Gui\"/>
		</Unit>
		<Unit filename="/home/maciek/Dokumenty/Theory_and_Methods_of_Optimization/Theory_and_Methods_of_Optimization/Aplikacja/../../../../Qt/5.11.2/gcc_64/lib/cmake/Qt5Gui/Qt5Gui_QICOPlugin.cmake">
			<Option virtualFolder="CMake Files\..\..\..\..\Qt\5.11.2\gcc_64\lib\cmake\Qt5Gui\"/>
		</Unit>
		<Unit filename="/home/maciek/Dokumenty/Theory_and_Methods_of_Optimization/Theory_and_Methods_of_Optimization/Aplikacja/../../../../Qt/5.11.2/gcc_64/lib/cmake/Qt5Gui/Qt5Gui_QIbusPlatformInputContextPlugin.cmake">
			<Option virtualFolder="CMake Files\..\..\..\..\Qt\5.11.2\gcc_64\lib\cmake\Qt5Gui\"/>
		</Unit>
		<Unit filename="/home/maciek/Dokumenty/Theory_and_Methods_of_Optimization/Theory_and_Methods_of_Optimization/Aplikacja/../../../../Qt/5.11.2/gcc_64/lib/cmake/Qt5Gui/Qt5Gui_QJpegPlugin.cmake">
			<Option virtualFolder="CMake Files\..\..\..\..\Qt\5.11.2\gcc_64\lib\cmake\Qt5Gui\"/>
		</Unit>
		<Unit filename="/home/maciek/Dokumenty/Theory_and_Methods_of_Optimization/Theory_and_Methods_of_Optimization/Aplikacja/../../../../Qt/5.11.2/gcc_64/lib/cmake/Qt5Gui/Qt5Gui_QLinuxFbIntegrationPlugin.cmake">
			<Option virtualFolder="CMake Files\..\..\..\..\Qt\5.11.2\gcc_64\lib\cmake\Qt5Gui\"/>
		</Unit>
		<Unit filename="/home/maciek/Dokumenty/Theory_and_Methods_of_Optimization/Theory_and_Methods_of_Optimization/Aplikacja/../../../../Qt/5.11.2/gcc_64/lib/cmake/Qt5Gui/Qt5Gui_QMinimalEglIntegrationPlugin.cmake">
			<Option virtualFolder="CMake Files\..\..\..\..\Qt\5.11.2\gcc_64\lib\cmake\Qt5Gui\"/>
		</Unit>
		<Unit filename="/home/maciek/Dokumenty/Theory_and_Methods_of_Optimization/Theory_and_Methods_of_Optimization/Aplikacja/../../../../Qt/5.11.2/gcc_64/lib/cmake/Qt5Gui/Qt5Gui_QMinimalIntegrationPlugin.cmake">
			<Option virtualFolder="CMake Files\..\..\..\..\Qt\5.11.2\gcc_64\lib\cmake\Qt5Gui\"/>
		</Unit>
		<Unit filename="/home/maciek/Dokumenty/Theory_and_Methods_of_Optimization/Theory_and_Methods_of_Optimization/Aplikacja/../../../../Qt/5.11.2/gcc_64/lib/cmake/Qt5Gui/Qt5Gui_QOffscreenIntegrationPlugin.cmake">
			<Option virtualFolder="CMake Files\..\..\..\..\Qt\5.11.2\gcc_64\lib\cmake\Qt5Gui\"/>
		</Unit>
		<Unit filename="/home/maciek/Dokumenty/Theory_and_Methods_of_Optimization/Theory_and_Methods_of_Optimization/Aplikacja/../../../../Qt/5.11.2/gcc_64/lib/cmake/Qt5Gui/Qt5Gui_QTgaPlugin.cmake">
			<Option virtualFolder="CMake Files\..\..\..\..\Qt\5.11.2\gcc_64\lib\cmake\Qt5Gui\"/>
		</Unit>
		<Unit filename="/home/maciek/Dokumenty/Theory_and_Methods_of_Optimization/Theory_and_Methods_of_Optimization/Aplikacja/../../../../Qt/5.11.2/gcc_64/lib/cmake/Qt5Gui/Qt5Gui_QTiffPlugin.cmake">
			<Option virtualFolder="CMake Files\..\..\..\..\Qt\5.11.2\gcc_64\lib\cmake\Qt5Gui\"/>
		</Unit>
		<Unit filename="/home/maciek/Dokumenty/Theory_and_Methods_of_Optimization/Theory_and_Methods_of_Optimization/Aplikacja/../../../../Qt/5.11.2/gcc_64/lib/cmake/Qt5Gui/Qt5Gui_QTuioTouchPlugin.cmake">
			<Option virtualFolder="CMake Files\..\..\..\..\Qt\5.11.2\gcc_64\lib\cmake\Qt5Gui\"/>
		</Unit>
		<Unit filename="/home/maciek/Dokumenty/Theory_and_Methods_of_Optimization/Theory_and_Methods_of_Optimization/Aplikacja/../../../../Qt/5.11.2/gcc_64/lib/cmake/Qt5Gui/Qt5Gui_QVirtualKeyboardPlugin.cmake">
			<Option virtualFolder="CMake Files\..\..\..\..\Qt\5.11.2\gcc_64\lib\cmake\Qt5Gui\"/>
		</Unit>
		<Unit filename="/home/maciek/Dokumenty/Theory_and_Methods_of_Optimization/Theory_and_Methods_of_Optimization/Aplikacja/../../../../Qt/5.11.2/gcc_64/lib/cmake/Qt5Gui/Qt5Gui_QVncIntegrationPlugin.cmake">
			<Option virtualFolder="CMake Files\..\..\..\..\Qt\5.11.2\gcc_64\lib\cmake\Qt5Gui\"/>
		</Unit>
		<Unit filename="/home/maciek/Dokumenty/Theory_and_Methods_of_Optimization/Theory_and_Methods_of_Optimization/Aplikacja/../../../../Qt/5.11.2/gcc_64/lib/cmake/Qt5Gui/Qt5Gui_QWaylandEglPlatformIntegrationPlugin.cmake">
			<Option virtualFolder="CMake Files\..\..\..\..\Qt\5.11.2\gcc_64\lib\cmake\Qt5Gui\"/>
		</Unit>
		<Unit filename="/home/maciek/Dokumenty/Theory_and_Methods_of_Optimization/Theory_and_Methods_of_Optimization/Aplikacja/../../../../Qt/5.11.2/gcc_64/lib/cmake/Qt5Gui/Qt5Gui_QWaylandIntegrationPlugin.cmake">
			<Option virtualFolder="CMake Files\..\..\..\..\Qt\5.11.2\gcc_64\lib\cmake\Qt5Gui\"/>
		</Unit>
		<Unit filename="/home/maciek/Dokumenty/Theory_and_Methods_of_Optimization/Theory_and_Methods_of_Optimization/Aplikacja/../../../../Qt/5.11.2/gcc_64/lib/cmake/Qt5Gui/Qt5Gui_QWaylandXCompositeEglPlatformIntegrationPlugin.cmake">
			<Option virtualFolder="CMake Files\..\..\..\..\Qt\5.11.2\gcc_64\lib\cmake\Qt5Gui\"/>
		</Unit>
		<Unit filename="/home/maciek/Dokumenty/Theory_and_Methods_of_Optimization/Theory_and_Methods_of_Optimization/Aplikacja/../../../../Qt/5.11.2/gcc_64/lib/cmake/Qt5Gui/Qt5Gui_QWaylandXCompositeGlxPlatformIntegrationPlugin.cmake">
			<Option virtualFolder="CMake Files\..\..\..\..\Qt\5.11.2\gcc_64\lib\cmake\Qt5Gui\"/>
		</Unit>
		<Unit filename="/home/maciek/Dokumenty/Theory_and_Methods_of_Optimization/Theory_and_Methods_of_Optimization/Aplikacja/../../../../Qt/5.11.2/gcc_64/lib/cmake/Qt5Gui/Qt5Gui_QWbmpPlugin.cmake">
			<Option virtualFolder="CMake Files\..\..\..\..\Qt\5.11.2\gcc_64\lib\cmake\Qt5Gui\"/>
		</Unit>
		<Unit filename="/home/maciek/Dokumenty/Theory_and_Methods_of_Optimization/Theory_and_Methods_of_Optimization/Aplikacja/../../../../Qt/5.11.2/gcc_64/lib/cmake/Qt5Gui/Qt5Gui_QWebGLIntegrationPlugin.cmake">
			<Option virtualFolder="CMake Files\..\..\..\..\Qt\5.11.2\gcc_64\lib\cmake\Qt5Gui\"/>
		</Unit>
		<Unit filename="/home/maciek/Dokumenty/Theory_and_Methods_of_Optimization/Theory_and_Methods_of_Optimization/Aplikacja/../../../../Qt/5.11.2/gcc_64/lib/cmake/Qt5Gui/Qt5Gui_QWebpPlugin.cmake">
			<Option virtualFolder="CMake Files\..\..\..\..\Qt\5.11.2\gcc_64\lib\cmake\Qt5Gui\"/>
		</Unit>
		<Unit filename="/home/maciek/Dokumenty/Theory_and_Methods_of_Optimization/Theory_and_Methods_of_Optimization/Aplikacja/../../../../Qt/5.11.2/gcc_64/lib/cmake/Qt5Gui/Qt5Gui_QXcbEglIntegrationPlugin.cmake">
			<Option virtualFolder="CMake Files\..\..\..\..\Qt\5.11.2\gcc_64\lib\cmake\Qt5Gui\"/>
		</Unit>
		<Unit filename="/home/maciek/Dokumenty/Theory_and_Methods_of_Optimization/Theory_and_Methods_of_Optimization/Aplikacja/../../../../Qt/5.11.2/gcc_64/lib/cmake/Qt5Gui/Qt5Gui_QXcbGlxIntegrationPlugin.cmake">
			<Option virtualFolder="CMake Files\..\..\..\..\Qt\5.11.2\gcc_64\lib\cmake\Qt5Gui\"/>
		</Unit>
		<Unit filename="/home/maciek/Dokumenty/Theory_and_Methods_of_Optimization/Theory_and_Methods_of_Optimization/Aplikacja/../../../../Qt/5.11.2/gcc_64/lib/cmake/Qt5Gui/Qt5Gui_QXcbIntegrationPlugin.cmake">
			<Option virtualFolder="CMake Files\..\..\..\..\Qt\5.11.2\gcc_64\lib\cmake\Qt5Gui\"/>
		</Unit>
		<Unit filename="/home/maciek/Dokumenty/Theory_and_Methods_of_Optimization/Theory_and_Methods_of_Optimization/Aplikacja/../../../../Qt/5.11.2/gcc_64/lib/cmake/Qt5DataVisualization/Qt5DataVisualizationConfig.cmake">
			<Option virtualFolder="CMake Files\..\..\..\..\Qt\5.11.2\gcc_64\lib\cmake\Qt5DataVisualization\"/>
		</Unit>
		<Unit filename="/home/maciek/Dokumenty/Theory_and_Methods_of_Optimization/Theory_and_Methods_of_Optimization/Aplikacja/../../../../Qt/5.11.2/gcc_64/lib/cmake/Qt5DataVisualization/Qt5DataVisualizationConfigVersion.cmake">
			<Option virtualFolder="CMake Files\..\..\..\..\Qt\5.11.2\gcc_64\lib\cmake\Qt5DataVisualization\"/>
		</Unit>
	</Project>
</CodeBlocks_project_file>
